
Microsoft Visual Studio Solution File, Format Version 12.00
# Visual Studio 15
VisualStudioVersion = 15.0.28307.489
MinimumVisualStudioVersion = 10.0.40219.1
Project("{FAE04EC0-301F-11D3-BF4B-00C04F79EFBC}") = "water Bill 2", "water Bill 2\water Bill 2.csproj", "{E07B6164-3B1D-4753-AF8B-1B31BE2873ED}"
EndProject
Global
	GlobalSection(SolutionConfigurationPlatforms) = preSolution
		Debug|Any CPU = Debug|Any CPU
		Release|Any CPU = Release|Any CPU
	EndGlobalSection
	GlobalSection(ProjectConfigurationPlatforms) = postSolution
		{E07B6164-3B1D-4753-AF8B-1B31BE2873ED}.Debug|Any CPU.ActiveCfg = Debug|Any CPU
		{E07B6164-3B1D-4753-AF8B-1B31BE2873ED}.Debug|Any CPU.Build.0 = Debug|Any CPU
		{E07B6164-3B1D-4753-AF8B-1B31BE2873ED}.Release|Any CPU.ActiveCfg = Release|Any CPU
		{E07B6164-3B1D-4753-AF8B-1B31BE2873ED}.Release|Any CPU.Build.0 = Release|Any CPU
	EndGlobalSection
	GlobalSection(SolutionProperties) = preSolution
		HideSolutionNode = FALSE
	EndGlobalSection
	GlobalSection(ExtensibilityGlobals) = postSolution
		SolutionGuid = {4645B634-D634-4304-809C-F844E860B002}
	EndGlobalSection
EndGlobal
